// !$*UTF8*$!
{
	archiveVersion = 1;
	classes = {
	};
	objectVersion = 46;
	objects = {

/* Begin PBXBuildFile section */
		3F08E12B1DA7E3E5000CF7AA /* AppDelegate.swift in Sources */ = {isa = PBXBuildFile; fileRef = 3F08E12A1DA7E3E5000CF7AA /* AppDelegate.swift */; };
		3F08E12D1DA7E3E5000CF7AA /* GameScene.sks in Resources */ = {isa = PBXBuildFile; fileRef = 3F08E12C1DA7E3E5000CF7AA /* GameScene.sks */; };
		3F08E12F1DA7E3E5000CF7AA /* Actions.sks in Resources */ = {isa = PBXBuildFile; fileRef = 3F08E12E1DA7E3E5000CF7AA /* Actions.sks */; };
		3F08E1311DA7E3E5000CF7AA /* GameScene.swift in Sources */ = {isa = PBXBuildFile; fileRef = 3F08E1301DA7E3E5000CF7AA /* GameScene.swift */; };
		3F08E1331DA7E3E5000CF7AA /* GameViewController.swift in Sources */ = {isa = PBXBuildFile; fileRef = 3F08E1321DA7E3E5000CF7AA /* GameViewController.swift */; };
		3F08E1361DA7E3E5000CF7AA /* Main.storyboard in Resources */ = {isa = PBXBuildFile; fileRef = 3F08E1341DA7E3E5000CF7AA /* Main.storyboard */; };
		3F08E1381DA7E3E5000CF7AA /* Assets.xcassets in Resources */ = {isa = PBXBuildFile; fileRef = 3F08E1371DA7E3E5000CF7AA /* Assets.xcassets */; };
		3F08E13B1DA7E3E5000CF7AA /* LaunchScreen.storyboard in Resources */ = {isa = PBXBuildFile; fileRef = 3F08E1391DA7E3E5000CF7AA /* LaunchScreen.storyboard */; };
/* End PBXBuildFile section */

/* Begin PBXFileReference section */
		3F08E1271DA7E3E5000CF7AA /* TimberJim.app */ = {isa = PBXFileReference; explicitFileType = wrapper.application; includeInIndex = 0; path = TimberJim.app; sourceTree = BUILT_PRODUCTS_DIR; };
		3F08E12A1DA7E3E5000CF7AA /* AppDelegate.swift */ = {isa = PBXFileReference; lastKnownFileType = sourcecode.swift; path = AppDelegate.swift; sourceTree = "<group>"; };
		3F08E12C1DA7E3E5000CF7AA /* GameScene.sks */ = {isa = PBXFileReference; lastKnownFileType = file.sks; path = GameScene.sks; sourceTree = "<group>"; };
		3F08E12E1DA7E3E5000CF7AA /* Actions.sks */ = {isa = PBXFileReference; lastKnownFileType = file.sks; path = Actions.sks; sourceTree = "<group>"; };
		3F08E1301DA7E3E5000CF7AA /* GameScene.swift */ = {isa = PBXFileReference; lastKnownFileType = sourcecode.swift; path = GameScene.swift; sourceTree = "<group>"; };
		3F08E1321DA7E3E5000CF7AA /* GameViewController.swift */ = {isa = PBXFileReference; lastKnownFileType = sourcecode.swift; path = GameViewController.swift; sourceTree = "<group>"; };
		3F08E1351DA7E3E5000CF7AA /* Base */ = {isa = PBXFileReference; lastKnownFileType = file.storyboard; name = Base; path = Base.lproj/Main.storyboard; sourceTree = "<group>"; };
		3F08E1371DA7E3E5000CF7AA /* Assets.xcassets */ = {isa = PBXFileReference; lastKnownFileType = folder.assetcatalog; path = Assets.xcassets; sourceTree = "<group>"; };
		3F08E13A1DA7E3E5000CF7AA /* Base */ = {isa = PBXFileReference; lastKnownFileType = file.storyboard; name = Base; path = Base.lproj/LaunchScreen.storyboard; sourceTree = "<group>"; };
		3F08E13C1DA7E3E6000CF7AA /* Info.plist */ = {isa = PBXFileReference; lastKnownFileType = text.plist.xml; path = Info.plist; sourceTree = "<group>"; };
/* End PBXFileReference section */

/* Begin PBXFrameworksBuildPhase section */
		3F08E1241DA7E3E5000CF7AA /* Frameworks */ = {
			isa = PBXFrameworksBuildPhase;
			buildActionMask = 2147483647;
			files = (
			);
			runOnlyForDeploymentPostprocessing = 0;
		};
/* End PBXFrameworksBuildPhase section */

/* Begin PBXGroup section */
		3F08E11E1DA7E3E5000CF7AA = {
			isa = PBXGroup;
			children = (
				3F08E1291DA7E3E5000CF7AA /* TimberJim */,
				3F08E1281DA7E3E5000CF7AA /* Products */,
			);
			sourceTree = "<group>";
		};
		3F08E1281DA7E3E5000CF7AA /* Products */ = {
			isa = PBXGroup;
			children = (
				3F08E1271DA7E3E5000CF7AA /* TimberJim.app */,
			);
			name = Products;
			sourceTree = "<group>";
		};
		3F08E1291DA7E3E5000CF7AA /* TimberJim */ = {
			isa = PBXGroup;
			children = (
				3F08E12A1DA7E3E5000CF7AA /* AppDelegate.swift */,
				3F08E12C1DA7E3E5000CF7AA /* GameScene.sks */,
				3F08E12E1DA7E3E5000CF7AA /* Actions.sks */,
				3F08E1301DA7E3E5000CF7AA /* GameScene.swift */,
				3F08E1321DA7E3E5000CF7AA /* GameViewController.swift */,
				3F08E1341DA7E3E5000CF7AA /* Main.storyboard */,
				3F08E1371DA7E3E5000CF7AA /* Assets.xcassets */,
				3F08E1391DA7E3E5000CF7AA /* LaunchScreen.storyboard */,
				3F08E13C1DA7E3E6000CF7AA /* Info.plist */,
			);
			path = TimberJim;
			sourceTree = "<group>";
		};
/* End PBXGroup section */

/* Begin PBXNativeTarget section */
		3F08E1261DA7E3E5000CF7AA /* TimberJim */ = {
			isa = PBXNativeTarget;
			buildConfigurationList = 3F08E13F1DA7E3E6000CF7AA /* Build configuration list for PBXNativeTarget "TimberJim" */;
			buildPhases = (
				3F08E1231DA7E3E5000CF7AA /* Sources */,
				3F08E1241DA7E3E5000CF7AA /* Frameworks */,
				3F08E1251DA7E3E5000CF7AA /* Resources */,
			);
			buildRules = (
			);
			dependencies = (
			);
			name = TimberJim;
			productName = TimberJim;
			productReference = 3F08E1271DA7E3E5000CF7AA /* TimberJim.app */;
			productType = "com.apple.product-type.application";
		};
/* End PBXNativeTarget section */

/* Begin PBXProject section */
		3F08E11F1DA7E3E5000CF7AA /* Project object */ = {
			isa = PBXProject;
			attributes = {
				LastSwiftUpdateCheck = 0800;
				LastUpgradeCheck = 0800;
				ORGANIZATIONNAME = "SpriteKit Book";
				TargetAttributes = {
					3F08E1261DA7E3E5000CF7AA = {
						CreatedOnToolsVersion = 8.0;
						DevelopmentTeam = DHP96MS93Z;
						ProvisioningStyle = Automatic;
					};
				};
			};
			buildConfigurationList = 3F08E1221DA7E3E5000CF7AA /* Build configuration list for PBXProject "TimberJim" */;
			compatibilityVersion = "Xcode 3.2";
			developmentRegion = English;
			hasScannedForEncodings = 0;
			knownRegions = (
				en,
				Base,
			);
			mainGroup = 3F08E11E1DA7E3E5000CF7AA;
			productRefGroup = 3F08E1281DA7E3E5000CF7AA /* Products */;
			projectDirPath = "";
			projectRoot = "";
			targets = (
				3F08E1261DA7E3E5000CF7AA /* TimberJim */,
			);
		};
/* End PBXProject section */

/* Begin PBXResourcesBuildPhase section */
		3F08E1251DA7E3E5000CF7AA /* Resources */ = {
			isa = PBXResourcesBuildPhase;
			buildActionMask = 2147483647;
			files = (
				3F08E1361DA7E3E5000CF7AA /* Main.storyboard in Resources */,
				3F08E12D1DA7E3E5000CF7AA /* GameScene.sks in Resources */,
				3F08E1381DA7E3E5000CF7AA /* Assets.xcassets in Resources */,
				3F08E13B1DA7E3E5000CF7AA /* LaunchScreen.storyboard in Resources */,
				3F08E12F1DA7E3E5000CF7AA /* Actions.sks in Resources */,
			);
			runOnlyForDeploymentPostprocessing = 0;
		};
/* End PBXResourcesBuildPhase section */

/* Begin PBXSourcesBuildPhase section */
		3F08E1231DA7E3E5000CF7AA /* Sources */ = {
			isa = PBXSourcesBuildPhase;
			buildActionMask = 2147483647;
			files = (
				3F08E1311DA7E3E5000CF7AA /* GameScene.swift in Sources */,
				3F08E1331DA7E3E5000CF7AA /* GameViewController.swift in Sources */,
				3F08E12B1DA7E3E5000CF7AA /* AppDelegate.swift in Sources */,
			);
			runOnlyForDeploymentPostprocessing = 0;
		};
/* End PBXSourcesBuildPhase section */

/* Begin PBXVariantGroup section */
		3F08E1341DA7E3E5000CF7AA /* Main.storyboard */ = {
			isa = PBXVariantGroup;
			children = (
				3F08E1351DA7E3E5000CF7AA /* Base */,
			);
			name = Main.storyboard;
			sourceTree = "<group>";
		};
		3F08E1391DA7E3E5000CF7AA /* LaunchScreen.storyboard */ = {
			isa = PBXVariantGroup;
			children = (
				3F08E13A1DA7E3E5000CF7AA /* Base */,
			);
			name = LaunchScreen.storyboard;
			sourceTree = "<group>";
		};
/* End PBXVariantGroup section */

/* Begin XCBuildConfiguration section */
		3F08E13D1DA7E3E6000CF7AA /* Debug */ = {
			isa = XCBuildConfiguration;
			buildSettings = {
				ALWAYS_SEARCH_USER_PATHS = NO;
				CLANG_ANALYZER_NONNULL = YES;
				CLANG_CXX_LANGUAGE_STANDARD = "gnu++0x";
				CLANG_CXX_LIBRARY = "libc++";
				CLANG_ENABLE_MODULES = YES;
				CLANG_ENABLE_OBJC_ARC = YES;
				CLANG_WARN_BOOL_CONVERSION = YES;
				CLANG_WARN_CONSTANT_CONVERSION = YES;
				CLANG_WARN_DIRECT_OBJC_ISA_USAGE = YES_ERROR;
				CLANG_WARN_DOCUMENTATION_COMMENTS = YES;
				CLANG_WARN_EMPTY_BODY = YES;
				CLANG_WARN_ENUM_CONVERSION = YES;
				CLANG_WARN_INFINITE_RECURSION = YES;
				CLANG_WARN_INT_CONVERSION = YES;
				CLANG_WARN_OBJC_ROOT_CLASS = YES_ERROR;
				CLANG_WARN_SUSPICIOUS_MOVES = YES;
				CLANG_WARN_UNREACHABLE_CODE = YES;
				CLANG_WARN__DUPLICATE_METHOD_MATCH = YES;
				"CODE_SIGN_IDENTITY[sdk=iphoneos*]" = "iPhone Developer";
				COPY_PHASE_STRIP = NO;
				DEBUG_INFORMATION_FORMAT = dwarf;
				ENABLE_STRICT_OBJC_MSGSEND = YES;
				ENABLE_TESTABILITY = YES;
				GCC_C_LANGUAGE_STANDARD = gnu99;
				GCC_DYNAMIC_NO_PIC = NO;
				GCC_NO_COMMON_BLOCKS = YES;
				GCC_OPTIMIZATION_LEVEL = 0;
				GCC_PREPROCESSOR_DEFINITIONS = (
					"DEBUG=1",
					"$(inherited)",
				);
				GCC_WARN_64_TO_32_BIT_CONVERSION = YES;
				GCC_WARN_ABOUT_RETURN_TYPE = YES_ERROR;
				GCC_WARN_UNDECLARED_SELECTOR = YES;
				GCC_WARN_UNINITIALIZED_AUTOS = YES_AGGRESSIVE;
				GCC_WARN_UNUSED_FUNCTION = YES;
				GCC_WARN_UNUSED_VARIABLE = YES;
				IPHONEOS_DEPLOYMENT_TARGET = 10.0;
				MTL_ENABLE_DEBUG_INFO = YES;
				ONLY_ACTIVE_ARCH = YES;
				SDKROOT = iphoneos;
				SWIFT_ACTIVE_COMPILATION_CONDITIONS = DEBUG;
				SWIFT_OPTIMIZATION_LEVEL = "-Onone";
			};
			name = Debug;
		};
		3F08E13E1DA7E3E6000CF7AA /* Release */ = {
			isa = XCBuildConfiguration;
			buildSettings = {
				ALWAYS_SEARCH_USER_PATHS = NO;
				CLANG_ANALYZER_NONNULL = YES;
				CLANG_CXX_LANGUAGE_STANDARD = "gnu++0x";
				CLANG_CXX_LIBRARY = "libc++";
				CLANG_ENABLE_MODULES = YES;
				CLANG_ENABLE_OBJC_ARC = YES;
				CLANG_WARN_BOOL_CONVERSION = YES;
				CLANG_WARN_CONSTANT_CONVERSION = YES;
				CLANG_WARN_DIRECT_OBJC_ISA_USAGE = YES_ERROR;
				CLANG_WARN_DOCUMENTATION_COMMENTS = YES;
				CLANG_WARN_EMPTY_BODY = YES;
				CLANG_WARN_ENUM_CONVERSION = YES;
				CLANG_WARN_INFINITE_RECURSION = YES;
				CLANG_WARN_INT_CONVERSION = YES;
				CLANG_WARN_OBJC_ROOT_CLASS = YES_ERROR;
				CLANG_WARN_SUSPICIOUS_MOVES = YES;
				CLANG_WARN_UNREACHABLE_CODE = YES;
				CLANG_WARN__DUPLICATE_METHOD_MATCH = YES;
				"CODE_SIGN_IDENTITY[sdk=iphoneos*]" = "iPhone Developer";
				COPY_PHASE_STRIP = NO;
				DEBUG_INFORMATION_FORMAT = "dwarf-with-dsym";
				ENABLE_NS_ASSERTIONS = NO;
				ENABLE_STRICT_OBJC_MSGSEND = YES;
				GCC_C_LANGUAGE_STANDARD = gnu99;
				GCC_NO_COMMON_BLOCKS = YES;
				GCC_WARN_64_TO_32_BIT_CONVERSION = YES;
				GCC_WARN_ABOUT_RETURN_TYPE = YES_ERROR;
				GCC_WARN_UNDECLARED_SELECTOR = YES;
				GCC_WARN_UNINITIALIZED_AUTOS = YES_AGGRESSIVE;
				GCC_WARN_UNUSED_FUNCTION = YES;
				GCC_WARN_UNUSED_VARIABLE = YES;
				IPHONEOS_DEPLOYMENT_TARGET = 10.0;
				MTL_ENABLE_DEBUG_INFO = NO;
				SDKROOT = iphoneos;
				SWIFT_OPTIMIZATION_LEVEL = "-Owholemodule";
				VALIDATE_PRODUCT = YES;
			};
			name = Release;
		};
		3F08E1401DA7E3E6000CF7AA /* Debug */ = {
			isa = XCBuildConfiguration;
			buildSettings = {
				ASSETCATALOG_COMPILER_APPICON_NAME = AppIcon;
				DEVELOPMENT_TEAM = DHP96MS93Z;
				INFOPLIST_FILE = TimberJim/Info.plist;
				LD_RUNPATH_SEARCH_PATHS = "$(inherited) @executable_path/Frameworks";
				PRODUCT_BUNDLE_IDENTIFIER = com.spritekitbook.TimberJim;
				PRODUCT_NAME = "$(TARGET_NAME)";
				SWIFT_VERSION = 3.0;
			};
			name = Debug;
		};
		3F08E1411DA7E3E6000CF7AA /* Release */ = {
			isa = XCBuildConfiguration;
			buildSettings = {
				ASSETCATALOG_COMPILER_APPICON_NAME = AppIcon;
				DEVELOPMENT_TEAM = DHP96MS93Z;
				INFOPLIST_FILE = TimberJim/Info.plist;
				LD_RUNPATH_SEARCH_PATHS = "$(inherited) @executable_path/Frameworks";
				PRODUCT_BUNDLE_IDENTIFIER = com.spritekitbook.TimberJim;
				PRODUCT_NAME = "$(TARGET_NAME)";
				SWIFT_VERSION = 3.0;
			};
			name = Release;
		};
/* End XCBuildConfiguration section */

/* Begin XCConfigurationList section */
		3F08E1221DA7E3E5000CF7AA /* Build configuration list for PBXProject "TimberJim" */ = {
			isa = XCConfigurationList;
			buildConfigurations = (
				3F08E13D1DA7E3E6000CF7AA /* Debug */,
				3F08E13E1DA7E3E6000CF7AA /* Release */,
			);
			defaultConfigurationIsVisible = 0;
			defaultConfigurationName = Release;
		};
		3F08E13F1DA7E3E6000CF7AA /* Build configuration list for PBXNativeTarget "TimberJim" */ = {
			isa = XCConfigurationList;
			buildConfigurations = (
				3F08E1401DA7E3E6000CF7AA /* Debug */,
				3F08E1411DA7E3E6000CF7AA /* Release */,
			);
			defaultConfigurationIsVisible = 0;
		};
/* End XCConfigurationList section */
	};
	rootObject = 3F08E11F1DA7E3E5000CF7AA /* Project object */;
}
